
Microsoft Visual Studio Solution File, Format Version 12.00
# Visual Studio Version 16
VisualStudioVersion = 16.0.31613.86
MinimumVisualStudioVersion = 10.0.40219.1
Project("{9A19103F-16F7-4668-BE54-9A1E7A4F7556}") = "KampIntro", "KampIntro\KampIntro.csproj", "{B64A765D-3175-4137-844D-9AE4D9F21D74}"
EndProject
Project("{9A19103F-16F7-4668-BE54-9A1E7A4F7556}") = "Donguler", "Donguler\Donguler.csproj", "{B024559D-7AE7-42BB-A6BB-1EB9805576E5}"
EndProject
Project("{9A19103F-16F7-4668-BE54-9A1E7A4F7556}") = "ClassIntro", "ClassIntro\ClassIntro.csproj", "{B36E24E6-781A-410E-8410-7A868B16FBD1}"
EndProject
Project("{FAE04EC0-301F-11D3-BF4B-00C04F79EFBC}") = "Metotlar", "Metotlar\Metotlar.csproj", "{EA4022B5-44EB-47CE-8AE9-1BDBB417F156}"
EndProject
Project("{FAE04EC0-301F-11D3-BF4B-00C04F79EFBC}") = "Matematik", "Matematik\Matematik.csproj", "{EC0E194D-C9A5-4FC2-8D6E-5E09222E713C}"
EndProject
Project("{FAE04EC0-301F-11D3-BF4B-00C04F79EFBC}") = "DegerVeReferansTipler", "DegerVeReferansTipler\DegerVeReferansTipler.csproj", "{25013D7D-5CFA-4F25-9CAF-091066F3EE27}"
EndProject
Global
	GlobalSection(SolutionConfigurationPlatforms) = preSolution
		Debug|Any CPU = Debug|Any CPU
		Release|Any CPU = Release|Any CPU
	EndGlobalSection
	GlobalSection(ProjectConfigurationPlatforms) = postSolution
		{B64A765D-3175-4137-844D-9AE4D9F21D74}.Debug|Any CPU.ActiveCfg = Debug|Any CPU
		{B64A765D-3175-4137-844D-9AE4D9F21D74}.Debug|Any CPU.Build.0 = Debug|Any CPU
		{B64A765D-3175-4137-844D-9AE4D9F21D74}.Release|Any CPU.ActiveCfg = Release|Any CPU
		{B64A765D-3175-4137-844D-9AE4D9F21D74}.Release|Any CPU.Build.0 = Release|Any CPU
		{B024559D-7AE7-42BB-A6BB-1EB9805576E5}.Debug|Any CPU.ActiveCfg = Debug|Any CPU
		{B024559D-7AE7-42BB-A6BB-1EB9805576E5}.Debug|Any CPU.Build.0 = Debug|Any CPU
		{B024559D-7AE7-42BB-A6BB-1EB9805576E5}.Release|Any CPU.ActiveCfg = Release|Any CPU
		{B024559D-7AE7-42BB-A6BB-1EB9805576E5}.Release|Any CPU.Build.0 = Release|Any CPU
		{B36E24E6-781A-410E-8410-7A868B16FBD1}.Debug|Any CPU.ActiveCfg = Debug|Any CPU
		{B36E24E6-781A-410E-8410-7A868B16FBD1}.Debug|Any CPU.Build.0 = Debug|Any CPU
		{B36E24E6-781A-410E-8410-7A868B16FBD1}.Release|Any CPU.ActiveCfg = Release|Any CPU
		{B36E24E6-781A-410E-8410-7A868B16FBD1}.Release|Any CPU.Build.0 = Release|Any CPU
		{EA4022B5-44EB-47CE-8AE9-1BDBB417F156}.Debug|Any CPU.ActiveCfg = Debug|Any CPU
		{EA4022B5-44EB-47CE-8AE9-1BDBB417F156}.Debug|Any CPU.Build.0 = Debug|Any CPU
		{EA4022B5-44EB-47CE-8AE9-1BDBB417F156}.Release|Any CPU.ActiveCfg = Release|Any CPU
		{EA4022B5-44EB-47CE-8AE9-1BDBB417F156}.Release|Any CPU.Build.0 = Release|Any CPU
		{EC0E194D-C9A5-4FC2-8D6E-5E09222E713C}.Debug|Any CPU.ActiveCfg = Debug|Any CPU
		{EC0E194D-C9A5-4FC2-8D6E-5E09222E713C}.Debug|Any CPU.Build.0 = Debug|Any CPU
		{EC0E194D-C9A5-4FC2-8D6E-5E09222E713C}.Release|Any CPU.ActiveCfg = Release|Any CPU
		{EC0E194D-C9A5-4FC2-8D6E-5E09222E713C}.Release|Any CPU.Build.0 = Release|Any CPU
		{25013D7D-5CFA-4F25-9CAF-091066F3EE27}.Debug|Any CPU.ActiveCfg = Debug|Any CPU
		{25013D7D-5CFA-4F25-9CAF-091066F3EE27}.Debug|Any CPU.Build.0 = Debug|Any CPU
		{25013D7D-5CFA-4F25-9CAF-091066F3EE27}.Release|Any CPU.ActiveCfg = Release|Any CPU
		{25013D7D-5CFA-4F25-9CAF-091066F3EE27}.Release|Any CPU.Build.0 = Release|Any CPU
	EndGlobalSection
	GlobalSection(SolutionProperties) = preSolution
		HideSolutionNode = FALSE
	EndGlobalSection
	GlobalSection(ExtensibilityGlobals) = postSolution
		SolutionGuid = {3D84BCAA-3A8C-44E4-9D39-F9085D44961C}
	EndGlobalSection
EndGlobal
